// !$*UTF8*$!
{
	archiveVersion = 1;
	classes = {
	};
	objectVersion = 56;
	objects = {

/* Begin PBXBuildFile section */
		8570F5892BB468C9009D1772 /* AppDelegate.swift in Sources */ = {isa = PBXBuildFile; fileRef = 8570F5882BB468C9009D1772 /* AppDelegate.swift */; };
		8570F58B2BB468C9009D1772 /* SceneDelegate.swift in Sources */ = {isa = PBXBuildFile; fileRef = 8570F58A2BB468C9009D1772 /* SceneDelegate.swift */; };
		8570F58D2BB468C9009D1772 /* ViewController.swift in Sources */ = {isa = PBXBuildFile; fileRef = 8570F58C2BB468C9009D1772 /* ViewController.swift */; };
		8570F5922BB468CA009D1772 /* Assets.xcassets in Resources */ = {isa = PBXBuildFile; fileRef = 8570F5912BB468CA009D1772 /* Assets.xcassets */; };
		8570F5952BB468CA009D1772 /* Base in Resources */ = {isa = PBXBuildFile; fileRef = 8570F5942BB468CA009D1772 /* Base */; };
		8570F59F2BB46929009D1772 /* StartViewController.swift in Sources */ = {isa = PBXBuildFile; fileRef = 8570F59E2BB46929009D1772 /* StartViewController.swift */; };
		8570F5A12BB4693C009D1772 /* GameViewController.swift in Sources */ = {isa = PBXBuildFile; fileRef = 8570F5A02BB4693C009D1772 /* GameViewController.swift */; };
		8570F5A32BB4694C009D1772 /* ResultViewController.swift in Sources */ = {isa = PBXBuildFile; fileRef = 8570F5A22BB4694C009D1772 /* ResultViewController.swift */; };
		8570F5A52BB4695E009D1772 /* UserModel.swift in Sources */ = {isa = PBXBuildFile; fileRef = 8570F5A42BB4695E009D1772 /* UserModel.swift */; };
		8570F5A72BB4696E009D1772 /* RSPModel.swift in Sources */ = {isa = PBXBuildFile; fileRef = 8570F5A62BB4696E009D1772 /* RSPModel.swift */; };
		8570F5A92BB46979009D1772 /* GameModel.swift in Sources */ = {isa = PBXBuildFile; fileRef = 8570F5A82BB46979009D1772 /* GameModel.swift */; };
/* End PBXBuildFile section */

/* Begin PBXFileReference section */
		8570F5852BB468C9009D1772 /* RSPSwift.app */ = {isa = PBXFileReference; explicitFileType = wrapper.application; includeInIndex = 0; path = RSPSwift.app; sourceTree = BUILT_PRODUCTS_DIR; };
		8570F5882BB468C9009D1772 /* AppDelegate.swift */ = {isa = PBXFileReference; lastKnownFileType = sourcecode.swift; path = AppDelegate.swift; sourceTree = "<group>"; };
		8570F58A2BB468C9009D1772 /* SceneDelegate.swift */ = {isa = PBXFileReference; lastKnownFileType = sourcecode.swift; path = SceneDelegate.swift; sourceTree = "<group>"; };
		8570F58C2BB468C9009D1772 /* ViewController.swift */ = {isa = PBXFileReference; lastKnownFileType = sourcecode.swift; path = ViewController.swift; sourceTree = "<group>"; };
		8570F5912BB468CA009D1772 /* Assets.xcassets */ = {isa = PBXFileReference; lastKnownFileType = folder.assetcatalog; path = Assets.xcassets; sourceTree = "<group>"; };
		8570F5942BB468CA009D1772 /* Base */ = {isa = PBXFileReference; lastKnownFileType = file.storyboard; name = Base; path = Base.lproj/LaunchScreen.storyboard; sourceTree = "<group>"; };
		8570F5962BB468CA009D1772 /* Info.plist */ = {isa = PBXFileReference; lastKnownFileType = text.plist.xml; path = Info.plist; sourceTree = "<group>"; };
		8570F59E2BB46929009D1772 /* StartViewController.swift */ = {isa = PBXFileReference; lastKnownFileType = sourcecode.swift; path = StartViewController.swift; sourceTree = "<group>"; };
		8570F5A02BB4693C009D1772 /* GameViewController.swift */ = {isa = PBXFileReference; lastKnownFileType = sourcecode.swift; path = GameViewController.swift; sourceTree = "<group>"; };
		8570F5A22BB4694C009D1772 /* ResultViewController.swift */ = {isa = PBXFileReference; lastKnownFileType = sourcecode.swift; path = ResultViewController.swift; sourceTree = "<group>"; };
		8570F5A42BB4695E009D1772 /* UserModel.swift */ = {isa = PBXFileReference; lastKnownFileType = sourcecode.swift; path = UserModel.swift; sourceTree = "<group>"; };
		8570F5A62BB4696E009D1772 /* RSPModel.swift */ = {isa = PBXFileReference; lastKnownFileType = sourcecode.swift; path = RSPModel.swift; sourceTree = "<group>"; };
		8570F5A82BB46979009D1772 /* GameModel.swift */ = {isa = PBXFileReference; lastKnownFileType = sourcecode.swift; path = GameModel.swift; sourceTree = "<group>"; };
/* End PBXFileReference section */

/* Begin PBXFrameworksBuildPhase section */
		8570F5822BB468C9009D1772 /* Frameworks */ = {
			isa = PBXFrameworksBuildPhase;
			buildActionMask = 2147483647;
			files = (
			);
			runOnlyForDeploymentPostprocessing = 0;
		};
/* End PBXFrameworksBuildPhase section */

/* Begin PBXGroup section */
		8570F57C2BB468C9009D1772 = {
			isa = PBXGroup;
			children = (
				8570F59D2BB46909009D1772 /* ViewController */,
				8570F59C2BB46900009D1772 /* Models */,
				8570F5872BB468C9009D1772 /* RSPSwift */,
				8570F5862BB468C9009D1772 /* Products */,
			);
			sourceTree = "<group>";
		};
		8570F5862BB468C9009D1772 /* Products */ = {
			isa = PBXGroup;
			children = (
				8570F5852BB468C9009D1772 /* RSPSwift.app */,
			);
			name = Products;
			sourceTree = "<group>";
		};
		8570F5872BB468C9009D1772 /* RSPSwift */ = {
			isa = PBXGroup;
			children = (
				8570F5882BB468C9009D1772 /* AppDelegate.swift */,
				8570F58A2BB468C9009D1772 /* SceneDelegate.swift */,
				8570F58C2BB468C9009D1772 /* ViewController.swift */,
				8570F5912BB468CA009D1772 /* Assets.xcassets */,
				8570F5932BB468CA009D1772 /* LaunchScreen.storyboard */,
				8570F5962BB468CA009D1772 /* Info.plist */,
			);
			path = RSPSwift;
			sourceTree = "<group>";
		};
		8570F59C2BB46900009D1772 /* Models */ = {
			isa = PBXGroup;
			children = (
				8570F5A42BB4695E009D1772 /* UserModel.swift */,
				8570F5A62BB4696E009D1772 /* RSPModel.swift */,
				8570F5A82BB46979009D1772 /* GameModel.swift */,
			);
			path = Models;
			sourceTree = "<group>";
		};
		8570F59D2BB46909009D1772 /* ViewController */ = {
			isa = PBXGroup;
			children = (
				8570F59E2BB46929009D1772 /* StartViewController.swift */,
				8570F5A02BB4693C009D1772 /* GameViewController.swift */,
				8570F5A22BB4694C009D1772 /* ResultViewController.swift */,
			);
			path = ViewController;
			sourceTree = "<group>";
		};
/* End PBXGroup section */

/* Begin PBXNativeTarget section */
		8570F5842BB468C9009D1772 /* RSPSwift */ = {
			isa = PBXNativeTarget;
			buildConfigurationList = 8570F5992BB468CA009D1772 /* Build configuration list for PBXNativeTarget "RSPSwift" */;
			buildPhases = (
				8570F5812BB468C9009D1772 /* Sources */,
				8570F5822BB468C9009D1772 /* Frameworks */,
				8570F5832BB468C9009D1772 /* Resources */,
			);
			buildRules = (
			);
			dependencies = (
			);
			name = RSPSwift;
			productName = RSPSwift;
			productReference = 8570F5852BB468C9009D1772 /* RSPSwift.app */;
			productType = "com.apple.product-type.application";
		};
/* End PBXNativeTarget section */

/* Begin PBXProject section */
		8570F57D2BB468C9009D1772 /* Project object */ = {
			isa = PBXProject;
			attributes = {
				BuildIndependentTargetsInParallel = 1;
				LastSwiftUpdateCheck = 1530;
				LastUpgradeCheck = 1530;
				TargetAttributes = {
					8570F5842BB468C9009D1772 = {
						CreatedOnToolsVersion = 15.3;
					};
				};
			};
			buildConfigurationList = 8570F5802BB468C9009D1772 /* Build configuration list for PBXProject "RSPSwift" */;
			compatibilityVersion = "Xcode 14.0";
			developmentRegion = en;
			hasScannedForEncodings = 0;
			knownRegions = (
				en,
				Base,
			);
			mainGroup = 8570F57C2BB468C9009D1772;
			productRefGroup = 8570F5862BB468C9009D1772 /* Products */;
			projectDirPath = "";
			projectRoot = "";
			targets = (
				8570F5842BB468C9009D1772 /* RSPSwift */,
			);
		};
/* End PBXProject section */

/* Begin PBXResourcesBuildPhase section */
		8570F5832BB468C9009D1772 /* Resources */ = {
			isa = PBXResourcesBuildPhase;
			buildActionMask = 2147483647;
			files = (
				8570F5922BB468CA009D1772 /* Assets.xcassets in Resources */,
				8570F5952BB468CA009D1772 /* Base in Resources */,
			);
			runOnlyForDeploymentPostprocessing = 0;
		};
/* End PBXResourcesBuildPhase section */

/* Begin PBXSourcesBuildPhase section */
		8570F5812BB468C9009D1772 /* Sources */ = {
			isa = PBXSourcesBuildPhase;
			buildActionMask = 2147483647;
			files = (
				8570F5A12BB4693C009D1772 /* GameViewController.swift in Sources */,
				8570F5A52BB4695E009D1772 /* UserModel.swift in Sources */,
				8570F5A92BB46979009D1772 /* GameModel.swift in Sources */,
				8570F58D2BB468C9009D1772 /* ViewController.swift in Sources */,
				8570F59F2BB46929009D1772 /* StartViewController.swift in Sources */,
				8570F5892BB468C9009D1772 /* AppDelegate.swift in Sources */,
				8570F58B2BB468C9009D1772 /* SceneDelegate.swift in Sources */,
				8570F5A32BB4694C009D1772 /* ResultViewController.swift in Sources */,
				8570F5A72BB4696E009D1772 /* RSPModel.swift in Sources */,
			);
			runOnlyForDeploymentPostprocessing = 0;
		};
/* End PBXSourcesBuildPhase section */

/* Begin PBXVariantGroup section */
		8570F5932BB468CA009D1772 /* LaunchScreen.storyboard */ = {
			isa = PBXVariantGroup;
			children = (
				8570F5942BB468CA009D1772 /* Base */,
			);
			name = LaunchScreen.storyboard;
			sourceTree = "<group>";
		};
/* End PBXVariantGroup section */

/* Begin XCBuildConfiguration section */
		8570F5972BB468CA009D1772 /* Debug */ = {
			isa = XCBuildConfiguration;
			buildSettings = {
				ALWAYS_SEARCH_USER_PATHS = NO;
				ASSETCATALOG_COMPILER_GENERATE_SWIFT_ASSET_SYMBOL_EXTENSIONS = YES;
				CLANG_ANALYZER_NONNULL = YES;
				CLANG_ANALYZER_NUMBER_OBJECT_CONVERSION = YES_AGGRESSIVE;
				CLANG_CXX_LANGUAGE_STANDARD = "gnu++20";
				CLANG_ENABLE_MODULES = YES;
				CLANG_ENABLE_OBJC_ARC = YES;
				CLANG_ENABLE_OBJC_WEAK = YES;
				CLANG_WARN_BLOCK_CAPTURE_AUTORELEASING = YES;
				CLANG_WARN_BOOL_CONVERSION = YES;
				CLANG_WARN_COMMA = YES;
				CLANG_WARN_CONSTANT_CONVERSION = YES;
				CLANG_WARN_DEPRECATED_OBJC_IMPLEMENTATIONS = YES;
				CLANG_WARN_DIRECT_OBJC_ISA_USAGE = YES_ERROR;
				CLANG_WARN_DOCUMENTATION_COMMENTS = YES;
				CLANG_WARN_EMPTY_BODY = YES;
				CLANG_WARN_ENUM_CONVERSION = YES;
				CLANG_WARN_INFINITE_RECURSION = YES;
				CLANG_WARN_INT_CONVERSION = YES;
				CLANG_WARN_NON_LITERAL_NULL_CONVERSION = YES;
				CLANG_WARN_OBJC_IMPLICIT_RETAIN_SELF = YES;
				CLANG_WARN_OBJC_LITERAL_CONVERSION = YES;
				CLANG_WARN_OBJC_ROOT_CLASS = YES_ERROR;
				CLANG_WARN_QUOTED_INCLUDE_IN_FRAMEWORK_HEADER = YES;
				CLANG_WARN_RANGE_LOOP_ANALYSIS = YES;
				CLANG_WARN_STRICT_PROTOTYPES = YES;
				CLANG_WARN_SUSPICIOUS_MOVE = YES;
				CLANG_WARN_UNGUARDED_AVAILABILITY = YES_AGGRESSIVE;
				CLANG_WARN_UNREACHABLE_CODE = YES;
				CLANG_WARN__DUPLICATE_METHOD_MATCH = YES;
				COPY_PHASE_STRIP = NO;
				DEBUG_INFORMATION_FORMAT = dwarf;
				ENABLE_STRICT_OBJC_MSGSEND = YES;
				ENABLE_TESTABILITY = YES;
				ENABLE_USER_SCRIPT_SANDBOXING = YES;
				GCC_C_LANGUAGE_STANDARD = gnu17;
				GCC_DYNAMIC_NO_PIC = NO;
				GCC_NO_COMMON_BLOCKS = YES;
				GCC_OPTIMIZATION_LEVEL = 0;
				GCC_PREPROCESSOR_DEFINITIONS = (
					"DEBUG=1",
					"$(inherited)",
				);
				GCC_WARN_64_TO_32_BIT_CONVERSION = YES;
				GCC_WARN_ABOUT_RETURN_TYPE = YES_ERROR;
				GCC_WARN_UNDECLARED_SELECTOR = YES;
				GCC_WARN_UNINITIALIZED_AUTOS = YES_AGGRESSIVE;
				GCC_WARN_UNUSED_FUNCTION = YES;
				GCC_WARN_UNUSED_VARIABLE = YES;
				IPHONEOS_DEPLOYMENT_TARGET = 17.4;
				LOCALIZATION_PREFERS_STRING_CATALOGS = YES;
				MTL_ENABLE_DEBUG_INFO = INCLUDE_SOURCE;
				MTL_FAST_MATH = YES;
				ONLY_ACTIVE_ARCH = YES;
				SDKROOT = iphoneos;
				SWIFT_ACTIVE_COMPILATION_CONDITIONS = "DEBUG $(inherited)";
				SWIFT_OPTIMIZATION_LEVEL = "-Onone";
			};
			name = Debug;
		};
		8570F5982BB468CA009D1772 /* Release */ = {
			isa = XCBuildConfiguration;
			buildSettings = {
				ALWAYS_SEARCH_USER_PATHS = NO;
				ASSETCATALOG_COMPILER_GENERATE_SWIFT_ASSET_SYMBOL_EXTENSIONS = YES;
				CLANG_ANALYZER_NONNULL = YES;
				CLANG_ANALYZER_NUMBER_OBJECT_CONVERSION = YES_AGGRESSIVE;
				CLANG_CXX_LANGUAGE_STANDARD = "gnu++20";
				CLANG_ENABLE_MODULES = YES;
				CLANG_ENABLE_OBJC_ARC = YES;
				CLANG_ENABLE_OBJC_WEAK = YES;
				CLANG_WARN_BLOCK_CAPTURE_AUTORELEASING = YES;
				CLANG_WARN_BOOL_CONVERSION = YES;
				CLANG_WARN_COMMA = YES;
				CLANG_WARN_CONSTANT_CONVERSION = YES;
				CLANG_WARN_DEPRECATED_OBJC_IMPLEMENTATIONS = YES;
				CLANG_WARN_DIRECT_OBJC_ISA_USAGE = YES_ERROR;
				CLANG_WARN_DOCUMENTATION_COMMENTS = YES;
				CLANG_WARN_EMPTY_BODY = YES;
				CLANG_WARN_ENUM_CONVERSION = YES;
				CLANG_WARN_INFINITE_RECURSION = YES;
				CLANG_WARN_INT_CONVERSION = YES;
				CLANG_WARN_NON_LITERAL_NULL_CONVERSION = YES;
				CLANG_WARN_OBJC_IMPLICIT_RETAIN_SELF = YES;
				CLANG_WARN_OBJC_LITERAL_CONVERSION = YES;
				CLANG_WARN_OBJC_ROOT_CLASS = YES_ERROR;
				CLANG_WARN_QUOTED_INCLUDE_IN_FRAMEWORK_HEADER = YES;
				CLANG_WARN_RANGE_LOOP_ANALYSIS = YES;
				CLANG_WARN_STRICT_PROTOTYPES = YES;
				CLANG_WARN_SUSPICIOUS_MOVE = YES;
				CLANG_WARN_UNGUARDED_AVAILABILITY = YES_AGGRESSIVE;
				CLANG_WARN_UNREACHABLE_CODE = YES;
				CLANG_WARN__DUPLICATE_METHOD_MATCH = YES;
				COPY_PHASE_STRIP = NO;
				DEBUG_INFORMATION_FORMAT = "dwarf-with-dsym";
				ENABLE_NS_ASSERTIONS = NO;
				ENABLE_STRICT_OBJC_MSGSEND = YES;
				ENABLE_USER_SCRIPT_SANDBOXING = YES;
				GCC_C_LANGUAGE_STANDARD = gnu17;
				GCC_NO_COMMON_BLOCKS = YES;
				GCC_WARN_64_TO_32_BIT_CONVERSION = YES;
				GCC_WARN_ABOUT_RETURN_TYPE = YES_ERROR;
				GCC_WARN_UNDECLARED_SELECTOR = YES;
				GCC_WARN_UNINITIALIZED_AUTOS = YES_AGGRESSIVE;
				GCC_WARN_UNUSED_FUNCTION = YES;
				GCC_WARN_UNUSED_VARIABLE = YES;
				IPHONEOS_DEPLOYMENT_TARGET = 17.4;
				LOCALIZATION_PREFERS_STRING_CATALOGS = YES;
				MTL_ENABLE_DEBUG_INFO = NO;
				MTL_FAST_MATH = YES;
				SDKROOT = iphoneos;
				SWIFT_COMPILATION_MODE = wholemodule;
				VALIDATE_PRODUCT = YES;
			};
			name = Release;
		};
		8570F59A2BB468CA009D1772 /* Debug */ = {
			isa = XCBuildConfiguration;
			buildSettings = {
				ASSETCATALOG_COMPILER_APPICON_NAME = AppIcon;
				ASSETCATALOG_COMPILER_GLOBAL_ACCENT_COLOR_NAME = AccentColor;
				CODE_SIGN_STYLE = Automatic;
				CURRENT_PROJECT_VERSION = 1;
				DEVELOPMENT_TEAM = H3XT4B3TXU;
				GENERATE_INFOPLIST_FILE = YES;
				INFOPLIST_FILE = RSPSwift/Info.plist;
				INFOPLIST_KEY_UIApplicationSupportsIndirectInputEvents = YES;
				INFOPLIST_KEY_UILaunchStoryboardName = LaunchScreen;
				INFOPLIST_KEY_UISupportedInterfaceOrientations_iPad = "UIInterfaceOrientationPortrait UIInterfaceOrientationPortraitUpsideDown UIInterfaceOrientationLandscapeLeft UIInterfaceOrientationLandscapeRight";
				INFOPLIST_KEY_UISupportedInterfaceOrientations_iPhone = "UIInterfaceOrientationPortrait UIInterfaceOrientationLandscapeLeft UIInterfaceOrientationLandscapeRight";
				LD_RUNPATH_SEARCH_PATHS = (
					"$(inherited)",
					"@executable_path/Frameworks",
				);
				MARKETING_VERSION = 1.0;
				PRODUCT_BUNDLE_IDENTIFIER = com.aroundforest.RSPSwift;
				PRODUCT_NAME = "$(TARGET_NAME)";
				SWIFT_EMIT_LOC_STRINGS = YES;
				SWIFT_VERSION = 5.0;
				TARGETED_DEVICE_FAMILY = "1,2";
			};
			name = Debug;
		};
		8570F59B2BB468CA009D1772 /* Release */ = {
			isa = XCBuildConfiguration;
			buildSettings = {
				ASSETCATALOG_COMPILER_APPICON_NAME = AppIcon;
				ASSETCATALOG_COMPILER_GLOBAL_ACCENT_COLOR_NAME = AccentColor;
				CODE_SIGN_STYLE = Automatic;
				CURRENT_PROJECT_VERSION = 1;
				DEVELOPMENT_TEAM = H3XT4B3TXU;
				GENERATE_INFOPLIST_FILE = YES;
				INFOPLIST_FILE = RSPSwift/Info.plist;
				INFOPLIST_KEY_UIApplicationSupportsIndirectInputEvents = YES;
				INFOPLIST_KEY_UILaunchStoryboardName = LaunchScreen;
				INFOPLIST_KEY_UISupportedInterfaceOrientations_iPad = "UIInterfaceOrientationPortrait UIInterfaceOrientationPortraitUpsideDown UIInterfaceOrientationLandscapeLeft UIInterfaceOrientationLandscapeRight";
				INFOPLIST_KEY_UISupportedInterfaceOrientations_iPhone = "UIInterfaceOrientationPortrait UIInterfaceOrientationLandscapeLeft UIInterfaceOrientationLandscapeRight";
				LD_RUNPATH_SEARCH_PATHS = (
					"$(inherited)",
					"@executable_path/Frameworks",
				);
				MARKETING_VERSION = 1.0;
				PRODUCT_BUNDLE_IDENTIFIER = com.aroundforest.RSPSwift;
				PRODUCT_NAME = "$(TARGET_NAME)";
				SWIFT_EMIT_LOC_STRINGS = YES;
				SWIFT_VERSION = 5.0;
				TARGETED_DEVICE_FAMILY = "1,2";
			};
			name = Release;
		};
/* End XCBuildConfiguration section */

/* Begin XCConfigurationList section */
		8570F5802BB468C9009D1772 /* Build configuration list for PBXProject "RSPSwift" */ = {
			isa = XCConfigurationList;
			buildConfigurations = (
				8570F5972BB468CA009D1772 /* Debug */,
				8570F5982BB468CA009D1772 /* Release */,
			);
			defaultConfigurationIsVisible = 0;
			defaultConfigurationName = Release;
		};
		8570F5992BB468CA009D1772 /* Build configuration list for PBXNativeTarget "RSPSwift" */ = {
			isa = XCConfigurationList;
			buildConfigurations = (
				8570F59A2BB468CA009D1772 /* Debug */,
				8570F59B2BB468CA009D1772 /* Release */,
			);
			defaultConfigurationIsVisible = 0;
			defaultConfigurationName = Release;
		};
/* End XCConfigurationList section */
	};
	rootObject = 8570F57D2BB468C9009D1772 /* Project object */;
}
